
Microsoft Visual Studio Solution File, Format Version 12.00
# Visual Studio 15
VisualStudioVersion = 15.0.28307.1145
MinimumVisualStudioVersion = 10.0.40219.1
Project("{FAE04EC0-301F-11D3-BF4B-00C04F79EFBC}") = "GUI", "QuanLyNhanSu_Nhom6\GUI.csproj", "{57D24694-4360-4B7F-AEE4-6EA601D272DC}"
EndProject
Project("{FAE04EC0-301F-11D3-BF4B-00C04F79EFBC}") = "BUS", "BUS\BUS.csproj", "{28EA23D7-C1A5-42BC-957C-0DA23578BE9A}"
EndProject
Project("{FAE04EC0-301F-11D3-BF4B-00C04F79EFBC}") = "DAO", "DAO\DAO.csproj", "{73707A0B-E5CF-41B4-9B53-FDBEB25587A1}"
EndProject
Project("{FAE04EC0-301F-11D3-BF4B-00C04F79EFBC}") = "DTO", "DTO\DTO.csproj", "{14FE3306-210E-4CF5-A1B0-A26A95701CB5}"
EndProject
Global
	GlobalSection(SolutionConfigurationPlatforms) = preSolution
		Debug|Any CPU = Debug|Any CPU
		Release|Any CPU = Release|Any CPU
	EndGlobalSection
	GlobalSection(ProjectConfigurationPlatforms) = postSolution
		{57D24694-4360-4B7F-AEE4-6EA601D272DC}.Debug|Any CPU.ActiveCfg = Debug|Any CPU
		{57D24694-4360-4B7F-AEE4-6EA601D272DC}.Debug|Any CPU.Build.0 = Debug|Any CPU
		{57D24694-4360-4B7F-AEE4-6EA601D272DC}.Release|Any CPU.ActiveCfg = Release|Any CPU
		{57D24694-4360-4B7F-AEE4-6EA601D272DC}.Release|Any CPU.Build.0 = Release|Any CPU
		{28EA23D7-C1A5-42BC-957C-0DA23578BE9A}.Debug|Any CPU.ActiveCfg = Debug|Any CPU
		{28EA23D7-C1A5-42BC-957C-0DA23578BE9A}.Debug|Any CPU.Build.0 = Debug|Any CPU
		{28EA23D7-C1A5-42BC-957C-0DA23578BE9A}.Release|Any CPU.ActiveCfg = Release|Any CPU
		{28EA23D7-C1A5-42BC-957C-0DA23578BE9A}.Release|Any CPU.Build.0 = Release|Any CPU
		{73707A0B-E5CF-41B4-9B53-FDBEB25587A1}.Debug|Any CPU.ActiveCfg = Debug|Any CPU
		{73707A0B-E5CF-41B4-9B53-FDBEB25587A1}.Debug|Any CPU.Build.0 = Debug|Any CPU
		{73707A0B-E5CF-41B4-9B53-FDBEB25587A1}.Release|Any CPU.ActiveCfg = Release|Any CPU
		{73707A0B-E5CF-41B4-9B53-FDBEB25587A1}.Release|Any CPU.Build.0 = Release|Any CPU
		{14FE3306-210E-4CF5-A1B0-A26A95701CB5}.Debug|Any CPU.ActiveCfg = Debug|Any CPU
		{14FE3306-210E-4CF5-A1B0-A26A95701CB5}.Debug|Any CPU.Build.0 = Debug|Any CPU
		{14FE3306-210E-4CF5-A1B0-A26A95701CB5}.Release|Any CPU.ActiveCfg = Release|Any CPU
		{14FE3306-210E-4CF5-A1B0-A26A95701CB5}.Release|Any CPU.Build.0 = Release|Any CPU
	EndGlobalSection
	GlobalSection(SolutionProperties) = preSolution
		HideSolutionNode = FALSE
	EndGlobalSection
	GlobalSection(ExtensibilityGlobals) = postSolution
		SolutionGuid = {73C95E65-AEB2-46B4-8D15-8B83122416E8}
	EndGlobalSection
EndGlobal
