
Microsoft Visual Studio Solution File, Format Version 12.00
# Visual Studio 15
VisualStudioVersion = 15.0.28307.1145
MinimumVisualStudioVersion = 10.0.40219.1
Project("{FAE04EC0-301F-11D3-BF4B-00C04F79EFBC}") = "QuanLyNhanSu_Nhom6", "QuanLyNhanSu_Nhom6\QuanLyNhanSu_Nhom6.csproj", "{57D24694-4360-4B7F-AEE4-6EA601D272DC}"
EndProject
Global
	GlobalSection(SolutionConfigurationPlatforms) = preSolution
		Debug|Any CPU = Debug|Any CPU
		Release|Any CPU = Release|Any CPU
	EndGlobalSection
	GlobalSection(ProjectConfigurationPlatforms) = postSolution
		{57D24694-4360-4B7F-AEE4-6EA601D272DC}.Debug|Any CPU.ActiveCfg = Debug|Any CPU
		{57D24694-4360-4B7F-AEE4-6EA601D272DC}.Debug|Any CPU.Build.0 = Debug|Any CPU
		{57D24694-4360-4B7F-AEE4-6EA601D272DC}.Release|Any CPU.ActiveCfg = Release|Any CPU
		{57D24694-4360-4B7F-AEE4-6EA601D272DC}.Release|Any CPU.Build.0 = Release|Any CPU
	EndGlobalSection
	GlobalSection(SolutionProperties) = preSolution
		HideSolutionNode = FALSE
	EndGlobalSection
	GlobalSection(ExtensibilityGlobals) = postSolution
		SolutionGuid = {73C95E65-AEB2-46B4-8D15-8B83122416E8}
	EndGlobalSection
EndGlobal
